
Microsoft Visual Studio Solution File, Format Version 12.00
# Visual Studio 14
VisualStudioVersion = 14.0.25420.1
MinimumVisualStudioVersion = 10.0.40219.1
Project("{FAE04EC0-301F-11D3-BF4B-00C04F79EFBC}") = "NorthWind_WCF_Service", "NorthWind_WCF_Service\NorthWind_WCF_Service.csproj", "{B14B6F35-A7B7-4DB8-923C-FDD782AA5ED5}"
EndProject
Project("{FAE04EC0-301F-11D3-BF4B-00C04F79EFBC}") = "DataModels", "DataModels\DataModels.csproj", "{2CA74F0B-2B96-4AB6-B5E8-1BD184C15CD9}"
EndProject
Global
	GlobalSection(SolutionConfigurationPlatforms) = preSolution
		Debug|Any CPU = Debug|Any CPU
		Release|Any CPU = Release|Any CPU
	EndGlobalSection
	GlobalSection(ProjectConfigurationPlatforms) = postSolution
		{B14B6F35-A7B7-4DB8-923C-FDD782AA5ED5}.Debug|Any CPU.ActiveCfg = Debug|Any CPU
		{B14B6F35-A7B7-4DB8-923C-FDD782AA5ED5}.Debug|Any CPU.Build.0 = Debug|Any CPU
		{B14B6F35-A7B7-4DB8-923C-FDD782AA5ED5}.Release|Any CPU.ActiveCfg = Release|Any CPU
		{B14B6F35-A7B7-4DB8-923C-FDD782AA5ED5}.Release|Any CPU.Build.0 = Release|Any CPU
		{2CA74F0B-2B96-4AB6-B5E8-1BD184C15CD9}.Debug|Any CPU.ActiveCfg = Debug|Any CPU
		{2CA74F0B-2B96-4AB6-B5E8-1BD184C15CD9}.Debug|Any CPU.Build.0 = Debug|Any CPU
		{2CA74F0B-2B96-4AB6-B5E8-1BD184C15CD9}.Release|Any CPU.ActiveCfg = Release|Any CPU
		{2CA74F0B-2B96-4AB6-B5E8-1BD184C15CD9}.Release|Any CPU.Build.0 = Release|Any CPU
	EndGlobalSection
	GlobalSection(SolutionProperties) = preSolution
		HideSolutionNode = FALSE
	EndGlobalSection
EndGlobal
